
Microsoft Visual Studio Solution File, Format Version 12.00
# Visual Studio Version 17
VisualStudioVersion = 17.5.33627.172
MinimumVisualStudioVersion = 10.0.40219.1
Project("{FAE04EC0-301F-11D3-BF4B-00C04F79EFBC}") = "WEBAPIFLUENT", "WEBAPIFLUENT\WEBAPIFLUENT.csproj", "{B3C0A5E9-0076-4F81-A4F1-9D6581CE117C}"
EndProject
Global
	GlobalSection(SolutionConfigurationPlatforms) = preSolution
		Debug|Any CPU = Debug|Any CPU
		Release|Any CPU = Release|Any CPU
	EndGlobalSection
	GlobalSection(ProjectConfigurationPlatforms) = postSolution
		{B3C0A5E9-0076-4F81-A4F1-9D6581CE117C}.Debug|Any CPU.ActiveCfg = Debug|Any CPU
		{B3C0A5E9-0076-4F81-A4F1-9D6581CE117C}.Debug|Any CPU.Build.0 = Debug|Any CPU
		{B3C0A5E9-0076-4F81-A4F1-9D6581CE117C}.Release|Any CPU.ActiveCfg = Release|Any CPU
		{B3C0A5E9-0076-4F81-A4F1-9D6581CE117C}.Release|Any CPU.Build.0 = Release|Any CPU
	EndGlobalSection
	GlobalSection(SolutionProperties) = preSolution
		HideSolutionNode = FALSE
	EndGlobalSection
	GlobalSection(ExtensibilityGlobals) = postSolution
		SolutionGuid = {6A260A8A-2805-412C-B267-29B7BD51AE58}
	EndGlobalSection
EndGlobal
